Microsoft Visual Studio Solution File, Format Version 12.00
# Visual Studio 2012
Project("{FAE04EC0-301F-11D3-BF4B-00C04F79EFBC}") = "rarity_plus", "rarity_plus.csproj", "{60B11183-70BD-4CA2-9DC8-54D5D6D82027}"
EndProject
Global
	GlobalSection(SolutionConfigurationPlatforms) = preSolution
	Debug|Any CPU = Debug|Any CPU
	ExportDebug|Any CPU = ExportDebug|Any CPU
	ExportRelease|Any CPU = ExportRelease|Any CPU
	EndGlobalSection
	GlobalSection(ProjectConfigurationPlatforms) = postSolution
		{60B11183-70BD-4CA2-9DC8-54D5D6D82027}.Debug|Any CPU.ActiveCfg = Debug|Any CPU
		{60B11183-70BD-4CA2-9DC8-54D5D6D82027}.Debug|Any CPU.Build.0 = Debug|Any CPU
		{60B11183-70BD-4CA2-9DC8-54D5D6D82027}.ExportDebug|Any CPU.ActiveCfg = ExportDebug|Any CPU
		{60B11183-70BD-4CA2-9DC8-54D5D6D82027}.ExportDebug|Any CPU.Build.0 = ExportDebug|Any CPU
		{60B11183-70BD-4CA2-9DC8-54D5D6D82027}.ExportRelease|Any CPU.ActiveCfg = ExportRelease|Any CPU
		{60B11183-70BD-4CA2-9DC8-54D5D6D82027}.ExportRelease|Any CPU.Build.0 = ExportRelease|Any CPU
	EndGlobalSection
EndGlobal
